
Microsoft Visual Studio Solution File, Format Version 12.00
# Visual Studio Version 16
VisualStudioVersion = 16.0.29709.97
MinimumVisualStudioVersion = 10.0.40219.1
Project("{FAE04EC0-301F-11D3-BF4B-00C04F79EFBC}") = "Lakeland Church.Android", "Lakeland Church\Lakeland Church.Android\Lakeland Church.Android.csproj", "{E2FF8C52-55DE-49C8-BB43-86F153813C7D}"
EndProject
Project("{FAE04EC0-301F-11D3-BF4B-00C04F79EFBC}") = "Lakeland Church.iOS", "Lakeland Church\Lakeland Church.iOS\Lakeland Church.iOS.csproj", "{BA824156-8E75-40BE-9777-D3E9C7FD86F5}"
EndProject
Project("{FAE04EC0-301F-11D3-BF4B-00C04F79EFBC}") = "Lakeland Church", "Lakeland Church\Lakeland Church\Lakeland Church.csproj", "{33F5A8F7-B952-44DF-BAA3-840A708BD199}"
EndProject
Global
	GlobalSection(SolutionConfigurationPlatforms) = preSolution
		Debug|Any CPU = Debug|Any CPU
		Debug|iPhone = Debug|iPhone
		Debug|iPhoneSimulator = Debug|iPhoneSimulator
		Release|Any CPU = Release|Any CPU
		Release|iPhone = Release|iPhone
		Release|iPhoneSimulator = Release|iPhoneSimulator
	EndGlobalSection
	GlobalSection(ProjectConfigurationPlatforms) = postSolution
		{E2FF8C52-55DE-49C8-BB43-86F153813C7D}.Debug|Any CPU.ActiveCfg = Debug|Any CPU
		{E2FF8C52-55DE-49C8-BB43-86F153813C7D}.Debug|Any CPU.Build.0 = Debug|Any CPU
		{E2FF8C52-55DE-49C8-BB43-86F153813C7D}.Debug|Any CPU.Deploy.0 = Debug|Any CPU
		{E2FF8C52-55DE-49C8-BB43-86F153813C7D}.Debug|iPhone.ActiveCfg = Debug|Any CPU
		{E2FF8C52-55DE-49C8-BB43-86F153813C7D}.Debug|iPhone.Build.0 = Debug|Any CPU
		{E2FF8C52-55DE-49C8-BB43-86F153813C7D}.Debug|iPhone.Deploy.0 = Debug|Any CPU
		{E2FF8C52-55DE-49C8-BB43-86F153813C7D}.Debug|iPhoneSimulator.ActiveCfg = Debug|Any CPU
		{E2FF8C52-55DE-49C8-BB43-86F153813C7D}.Debug|iPhoneSimulator.Build.0 = Debug|Any CPU
		{E2FF8C52-55DE-49C8-BB43-86F153813C7D}.Debug|iPhoneSimulator.Deploy.0 = Debug|Any CPU
		{E2FF8C52-55DE-49C8-BB43-86F153813C7D}.Release|Any CPU.ActiveCfg = Release|Any CPU
		{E2FF8C52-55DE-49C8-BB43-86F153813C7D}.Release|Any CPU.Build.0 = Release|Any CPU
		{E2FF8C52-55DE-49C8-BB43-86F153813C7D}.Release|Any CPU.Deploy.0 = Release|Any CPU
		{E2FF8C52-55DE-49C8-BB43-86F153813C7D}.Release|iPhone.ActiveCfg = Release|Any CPU
		{E2FF8C52-55DE-49C8-BB43-86F153813C7D}.Release|iPhone.Build.0 = Release|Any CPU
		{E2FF8C52-55DE-49C8-BB43-86F153813C7D}.Release|iPhone.Deploy.0 = Release|Any CPU
		{E2FF8C52-55DE-49C8-BB43-86F153813C7D}.Release|iPhoneSimulator.ActiveCfg = Release|Any CPU
		{E2FF8C52-55DE-49C8-BB43-86F153813C7D}.Release|iPhoneSimulator.Build.0 = Release|Any CPU
		{E2FF8C52-55DE-49C8-BB43-86F153813C7D}.Release|iPhoneSimulator.Deploy.0 = Release|Any CPU
		{BA824156-8E75-40BE-9777-D3E9C7FD86F5}.Debug|Any CPU.ActiveCfg = Debug|iPhoneSimulator
		{BA824156-8E75-40BE-9777-D3E9C7FD86F5}.Debug|Any CPU.Build.0 = Debug|iPhoneSimulator
		{BA824156-8E75-40BE-9777-D3E9C7FD86F5}.Debug|Any CPU.Deploy.0 = Debug|iPhoneSimulator
		{BA824156-8E75-40BE-9777-D3E9C7FD86F5}.Debug|iPhone.ActiveCfg = Debug|iPhone
		{BA824156-8E75-40BE-9777-D3E9C7FD86F5}.Debug|iPhone.Build.0 = Debug|iPhone
		{BA824156-8E75-40BE-9777-D3E9C7FD86F5}.Debug|iPhone.Deploy.0 = Debug|iPhone
		{BA824156-8E75-40BE-9777-D3E9C7FD86F5}.Debug|iPhoneSimulator.ActiveCfg = Debug|iPhoneSimulator
		{BA824156-8E75-40BE-9777-D3E9C7FD86F5}.Debug|iPhoneSimulator.Build.0 = Debug|iPhoneSimulator
		{BA824156-8E75-40BE-9777-D3E9C7FD86F5}.Debug|iPhoneSimulator.Deploy.0 = Debug|iPhoneSimulator
		{BA824156-8E75-40BE-9777-D3E9C7FD86F5}.Release|Any CPU.ActiveCfg = Release|iPhone
		{BA824156-8E75-40BE-9777-D3E9C7FD86F5}.Release|Any CPU.Build.0 = Release|iPhone
		{BA824156-8E75-40BE-9777-D3E9C7FD86F5}.Release|Any CPU.Deploy.0 = Release|iPhone
		{BA824156-8E75-40BE-9777-D3E9C7FD86F5}.Release|iPhone.ActiveCfg = Release|iPhone
		{BA824156-8E75-40BE-9777-D3E9C7FD86F5}.Release|iPhone.Build.0 = Release|iPhone
		{BA824156-8E75-40BE-9777-D3E9C7FD86F5}.Release|iPhone.Deploy.0 = Release|iPhone
		{BA824156-8E75-40BE-9777-D3E9C7FD86F5}.Release|iPhoneSimulator.ActiveCfg = Release|iPhoneSimulator
		{BA824156-8E75-40BE-9777-D3E9C7FD86F5}.Release|iPhoneSimulator.Build.0 = Release|iPhoneSimulator
		{BA824156-8E75-40BE-9777-D3E9C7FD86F5}.Release|iPhoneSimulator.Deploy.0 = Release|iPhoneSimulator
		{33F5A8F7-B952-44DF-BAA3-840A708BD199}.Debug|Any CPU.ActiveCfg = Debug|Any CPU
		{33F5A8F7-B952-44DF-BAA3-840A708BD199}.Debug|Any CPU.Build.0 = Debug|Any CPU
		{33F5A8F7-B952-44DF-BAA3-840A708BD199}.Debug|Any CPU.Deploy.0 = Debug|Any CPU
		{33F5A8F7-B952-44DF-BAA3-840A708BD199}.Debug|iPhone.ActiveCfg = Debug|Any CPU
		{33F5A8F7-B952-44DF-BAA3-840A708BD199}.Debug|iPhone.Build.0 = Debug|Any CPU
		{33F5A8F7-B952-44DF-BAA3-840A708BD199}.Debug|iPhone.Deploy.0 = Debug|Any CPU
		{33F5A8F7-B952-44DF-BAA3-840A708BD199}.Debug|iPhoneSimulator.ActiveCfg = Debug|Any CPU
		{33F5A8F7-B952-44DF-BAA3-840A708BD199}.Debug|iPhoneSimulator.Build.0 = Debug|Any CPU
		{33F5A8F7-B952-44DF-BAA3-840A708BD199}.Debug|iPhoneSimulator.Deploy.0 = Debug|Any CPU
		{33F5A8F7-B952-44DF-BAA3-840A708BD199}.Release|Any CPU.ActiveCfg = Release|Any CPU
		{33F5A8F7-B952-44DF-BAA3-840A708BD199}.Release|Any CPU.Build.0 = Release|Any CPU
		{33F5A8F7-B952-44DF-BAA3-840A708BD199}.Release|Any CPU.Deploy.0 = Release|Any CPU
		{33F5A8F7-B952-44DF-BAA3-840A708BD199}.Release|iPhone.ActiveCfg = Release|Any CPU
		{33F5A8F7-B952-44DF-BAA3-840A708BD199}.Release|iPhone.Build.0 = Release|Any CPU
		{33F5A8F7-B952-44DF-BAA3-840A708BD199}.Release|iPhone.Deploy.0 = Release|Any CPU
		{33F5A8F7-B952-44DF-BAA3-840A708BD199}.Release|iPhoneSimulator.ActiveCfg = Release|Any CPU
		{33F5A8F7-B952-44DF-BAA3-840A708BD199}.Release|iPhoneSimulator.Build.0 = Release|Any CPU
		{33F5A8F7-B952-44DF-BAA3-840A708BD199}.Release|iPhoneSimulator.Deploy.0 = Release|Any CPU
	EndGlobalSection
	GlobalSection(SolutionProperties) = preSolution
		HideSolutionNode = FALSE
	EndGlobalSection
	GlobalSection(ExtensibilityGlobals) = postSolution
		SolutionGuid = {EA9366DB-A109-42D7-B965-A239EE186103}
	EndGlobalSection
EndGlobal
